{
  "name": "run-via-npm",
  "version": "1.0.0",
  "lockfileVersion": 1,
  "requires": true,
  "dependencies": {
    "testing-npm-for-fun": {
      "version": "1.0.2",
      "resolved": "https://registry.npmjs.org/testing-npm-for-fun/-/testing-npm-for-fun-1.0.2.tgz",
      "integrity": "sha512-KO1+P1CeuHpGGzIufpIilrPnzfvnMUi0RvYZA+BLNpyBZDZQE6FXDil6qxgSs1pSRxO33egiH0WblKgvl6pioQ=="
    }
  }
}
